
Microsoft Visual Studio Solution File, Format Version 12.00
# Visual Studio Version 17
VisualStudioVersion = 17.4.33403.182
MinimumVisualStudioVersion = 10.0.40219.1
Project("{2150E333-8FDC-42A3-9474-1A3956D46DE8}") = "Framework", "Framework", "{5D04F286-EFBA-4509-9403-35A21E297CEE}"
EndProject
Project("{2150E333-8FDC-42A3-9474-1A3956D46DE8}") = "Engine", "Engine", "{3B4D330C-881A-45D1-9A69-1AF06CF5F6B8}"
EndProject
Project("{2150E333-8FDC-42A3-9474-1A3956D46DE8}") = "VGP242", "VGP242", "{C06F8AB8-1634-49FD-A693-72E53CFF35D7}"
EndProject
Project("{8BC9CEB8-8B4A-11D0-8D11-00A0C91BC942}") = "Core", "Framework\Core\Core.vcxproj", "{36FEAEC8-F626-4F2E-9FD4-A63E11F66864}"
EndProject
Project("{8BC9CEB8-8B4A-11D0-8D11-00A0C91BC942}") = "VGP242", "VGP242\VGP242.vcxproj", "{B9985B6B-2AF6-41CA-A5FD-4A21689732D5}"
EndProject
Project("{8BC9CEB8-8B4A-11D0-8D11-00A0C91BC942}") = "Math", "Framework\Math\Math.vcxproj", "{870A88D5-7A41-4C05-A6B4-EABACBB5EAF8}"
EndProject
Project("{2150E333-8FDC-42A3-9474-1A3956D46DE8}") = "UnitTests", "UnitTests", "{1418A44C-1B35-4B35-9F96-81BC175D03DF}"
EndProject
Project("{8BC9CEB8-8B4A-11D0-8D11-00A0C91BC942}") = "MathTest", "UnitTests\MathTest\MathTest.vcxproj", "{F6E550B2-D0CD-4470-8B1C-E6E8C0B57204}"
EndProject
Project("{8BC9CEB8-8B4A-11D0-8D11-00A0C91BC942}") = "HelloWindow", "VGP242\HelloWindow\HelloWindow.vcxproj", "{8B6C1062-3AFB-46F5-8AFB-F155BADE6820}"
EndProject
Project("{8BC9CEB8-8B4A-11D0-8D11-00A0C91BC942}") = "CASTLE_Engine", "Engine\CASTLE_Engine\CASTLE_Engine.vcxproj", "{B136791A-1820-4E8C-9F93-9269A927770A}"
EndProject
Project("{8BC9CEB8-8B4A-11D0-8D11-00A0C91BC942}") = "Graphics", "Framework\Graphics\Graphics.vcxproj", "{86738FAE-572F-45D1-B15E-CA7DD2ECF265}"
EndProject
Project("{8BC9CEB8-8B4A-11D0-8D11-00A0C91BC942}") = "HelloGraphics", "VGP242\HelloGraphics\HelloGraphics.vcxproj", "{41E7A47C-C5BB-4D89-A4D8-74ADF102123F}"
EndProject
Project("{8BC9CEB8-8B4A-11D0-8D11-00A0C91BC942}") = "Input", "Framework\Input\Input.vcxproj", "{3629F01A-6FED-42EB-B308-E9F7F1346EAF}"
EndProject
Project("{2150E333-8FDC-42A3-9474-1A3956D46DE8}") = "External", "External", "{A6468417-EB06-4004-9C62-2D2478120206}"
EndProject
Project("{8BC9CEB8-8B4A-11D0-8D11-00A0C91BC942}") = "DirectXTK_Desktop_2019", "External\DirectXTK\DirectXTK_Desktop_2019.vcxproj", "{E0B52AE7-E160-4D32-BF3F-910B785E5A8E}"
EndProject
Project("{8BC9CEB8-8B4A-11D0-8D11-00A0C91BC942}") = "HelloShapes", "VGP242\HelloShapes\HelloShapes.vcxproj", "{961655C4-B6BE-4997-B42C-9BC93B81605B}"
EndProject
Project("{8BC9CEB8-8B4A-11D0-8D11-00A0C91BC942}") = "HelloCube", "VGP242\HelloCube\HelloCube.vcxproj", "{BDAA8FC6-3893-4EA5-9FC7-2565AB63B490}"
EndProject
Project("{8BC9CEB8-8B4A-11D0-8D11-00A0C91BC942}") = "HelloMeshBuilder", "VGP242\HelloMeshBuilder\HelloMeshBuilder.vcxproj", "{CDDBBB05-0931-48D6-87DF-74F758B32B53}"
EndProject
Project("{8BC9CEB8-8B4A-11D0-8D11-00A0C91BC942}") = "HelloTexture", "VGP242\HelloTexture\HelloTexture.vcxproj", "{B1DDFDF2-024F-4ABF-AB9C-B016184CB3A2}"
EndProject
Project("{8BC9CEB8-8B4A-11D0-8D11-00A0C91BC942}") = "08_HelloSimpleDraw", "VGP330\08_HelloSimpleDraw\08_HelloSimpleDraw.vcxproj", "{24631CC0-6B4B-439F-8545-04A28CFE3EBA}"
EndProject
Project("{2150E333-8FDC-42A3-9474-1A3956D46DE8}") = "VGP330", "VGP330", "{2438DA67-ED7C-4D50-9109-5CEDA2A2A839}"
EndProject
Project("{8BC9CEB8-8B4A-11D0-8D11-00A0C91BC942}") = "ImGui", "External\ImGui\ImGui.vcxproj", "{F182901E-9F26-4369-B31B-7D1AE87731EB}"
EndProject
Project("{8BC9CEB8-8B4A-11D0-8D11-00A0C91BC942}") = "09_HelloLighting", "VGP330\09_HelloLighting\09_HelloLighting.vcxproj", "{0EB7D4B0-D936-4D23-AAAF-9C60D8BEDD71}"
EndProject
Project("{2150E333-8FDC-42A3-9474-1A3956D46DE8}") = "Assets", "Assets", "{5DD3764B-47AF-41CF-B5F6-E35982AD4183}"
EndProject
Project("{2150E333-8FDC-42A3-9474-1A3956D46DE8}") = "Shaders", "Shaders", "{4C04E4F1-A467-4ADA-ABCB-F265A84D9CDD}"
	ProjectSection(SolutionItems) = preProject
		Assets\Shaders\DoFog.fx = Assets\Shaders\DoFog.fx
		Assets\Shaders\DoLighting.fx = Assets\Shaders\DoLighting.fx
		Assets\Shaders\DoNothing.fx = Assets\Shaders\DoNothing.fx
		Assets\Shaders\DoSomething.fx = Assets\Shaders\DoSomething.fx
		Assets\Shaders\DoTexturing.fx = Assets\Shaders\DoTexturing.fx
		Assets\Shaders\DoTransform.fx = Assets\Shaders\DoTransform.fx
		Assets\Shaders\PostProcessing.fx = Assets\Shaders\PostProcessing.fx
		Assets\Shaders\Shadow.fx = Assets\Shaders\Shadow.fx
		Assets\Shaders\SimpleDraw.fx = Assets\Shaders\SimpleDraw.fx
		Assets\Shaders\Standard.fx = Assets\Shaders\Standard.fx
		Assets\Shaders\StandardFog.fx = Assets\Shaders\StandardFog.fx
	EndProjectSection
EndProject
Project("{2150E333-8FDC-42A3-9474-1A3956D46DE8}") = "Textures", "Textures", "{2CF867F8-7F38-4193-9C57-2DB2521D6FAC}"
	ProjectSection(SolutionItems) = preProject
		Assets\Textures\earth.jpg = Assets\Textures\earth.jpg
		Assets\Textures\earth_bump.jpg = Assets\Textures\earth_bump.jpg
		Assets\Textures\earth_clouds.jpg = Assets\Textures\earth_clouds.jpg
		Assets\Textures\earth_lights.jpg = Assets\Textures\earth_lights.jpg
		Assets\Textures\earth_normal.jpg = Assets\Textures\earth_normal.jpg
		Assets\Textures\earth_spec.jpg = Assets\Textures\earth_spec.jpg
		Assets\Textures\noise.png = Assets\Textures\noise.png
		Assets\Textures\skybox_texture.png = Assets\Textures\skybox_texture.png
		Assets\Textures\space.jpg = Assets\Textures\space.jpg
		Assets\Textures\sun.jpg = Assets\Textures\sun.jpg
		Assets\Textures\why.png = Assets\Textures\why.png
	EndProjectSection
EndProject
Project("{8BC9CEB8-8B4A-11D0-8D11-00A0C91BC942}") = "10_HelloPostProcessing", "VGP330\10_HelloPostProcessing\10_HelloPostProcessing.vcxproj", "{436573C8-EA93-4ACE-ADB8-6AAEAD9F5E15}"
EndProject
Project("{2150E333-8FDC-42A3-9474-1A3956D46DE8}") = "Tools", "Tools", "{6D21D5F5-6360-473F-9D8C-6AA05948022A}"
EndProject
Project("{8BC9CEB8-8B4A-11D0-8D11-00A0C91BC942}") = "ModelImporter", "Tools\ModelImporter\ModelImporter.vcxproj", "{850C5A5A-06B3-421E-BFEF-328FF158B041}"
EndProject
Project("{2150E333-8FDC-42A3-9474-1A3956D46DE8}") = "Models", "Models", "{2A636A65-10B6-46C2-B213-EDCDE3D96C6B}"
EndProject
Project("{8BC9CEB8-8B4A-11D0-8D11-00A0C91BC942}") = "11_HelloModel", "VGP330\11_HelloModel\11_HelloModel.vcxproj", "{0F1A8EB8-120E-4AA3-B0C1-6E9BAC2163B1}"
EndProject
Project("{8BC9CEB8-8B4A-11D0-8D11-00A0C91BC942}") = "12_HelloShadow", "VGP330\12_HelloShadow\12_HelloShadow.vcxproj", "{7FC7E1B3-9453-4EDC-889F-6ADD2B13C655}"
EndProject
Project("{8BC9CEB8-8B4A-11D0-8D11-00A0C91BC942}") = "13_HelloFinalShader", "VGP330\13_HelloFinalShader\13_HelloFinalShader.vcxproj", "{7969EB11-1F7C-47C7-BE30-747221443BAC}"
EndProject
Project("{2150E333-8FDC-42A3-9474-1A3956D46DE8}") = "VGP334", "VGP334", "{A750B7E0-AA42-40A0-8CDF-5B7E48856A69}"
EndProject
Project("{8BC9CEB8-8B4A-11D0-8D11-00A0C91BC942}") = "14_HelloQuaternion", "VGP334\14_HelloQuaternion\14_HelloQuaternion.vcxproj", "{14258826-29C1-40C5-B095-DDD32E760016}"
EndProject
Project("{8BC9CEB8-8B4A-11D0-8D11-00A0C91BC942}") = "15_HelloAnimation", "VGP334\15_HelloAnimation\15_HelloAnimation.vcxproj", "{E27A6D81-E713-4AEC-B5C0-02D3C1CCC5BE}"
EndProject
Project("{8BC9CEB8-8B4A-11D0-8D11-00A0C91BC942}") = "16_HelloSkeleton", "VGP334\16_HelloSkeleton\16_HelloSkeleton.vcxproj", "{93F957FE-9F59-440C-9044-F7C2A70548B5}"
EndProject
Project("{8BC9CEB8-8B4A-11D0-8D11-00A0C91BC942}") = "17_HelloMeshAnimation", "VGP334\17_HelloMeshAnimation\17_HelloMeshAnimation.vcxproj", "{5B41105C-7C65-4E44-800F-F0319B9DD238}"
EndProject
Project("{8BC9CEB8-8B4A-11D0-8D11-00A0C91BC942}") = "Bullet", "External\Bullet\Bullet.vcxproj", "{516192EB-788A-4FE7-B2B7-2EF9AC036B12}"
EndProject
Project("{8BC9CEB8-8B4A-11D0-8D11-00A0C91BC942}") = "Physics", "Framework\Physics\Physics.vcxproj", "{86BDA844-8D73-47B1-9030-C9D3FB37B5EA}"
EndProject
Project("{8BC9CEB8-8B4A-11D0-8D11-00A0C91BC942}") = "18_HelloPhysicsAnimation", "VGP334\18_HelloPhysicsAnimation\18_HelloPhysicsAnimation.vcxproj", "{FDDDEED6-12F0-4040-88DB-9A5027D83048}"
EndProject
Project("{8BC9CEB8-8B4A-11D0-8D11-00A0C91BC942}") = "18.1_HelloPhysicsAnimation", "VGP334\18.1_HelloPhysicsAnimation\18.1_HelloPhysicsAnimation.vcxproj", "{26C2DC09-5ECE-4485-A5BD-7E507A438BA6}"
EndProject
Project("{2150E333-8FDC-42A3-9474-1A3956D46DE8}") = "VGP336", "VGP336", "{AD69B623-57A5-4AE2-90C8-DAC4A6C19BED}"
EndProject
Project("{8BC9CEB8-8B4A-11D0-8D11-00A0C91BC942}") = "20_HelloMemory", "VGP336\20_HelloMemory\20_HelloMemory.vcxproj", "{314437F1-07C3-4EB3-95C1-E50D7506C9CA}"
EndProject
Project("{8BC9CEB8-8B4A-11D0-8D11-00A0C91BC942}") = "21_HelloGameObject", "VGP336\21_HelloGameObject\21_HelloGameObject.vcxproj", "{B7ADEA7B-2FA8-4B7A-9D51-D5ABDCCFAD5C}"
EndProject
Project("{2150E333-8FDC-42A3-9474-1A3956D46DE8}") = "Templates", "Templates", "{7CE9CF0D-F1A6-419C-86D7-4DB0A5BA4D62}"
	ProjectSection(SolutionItems) = preProject
		Assets\Templates\basic_test_player.json = Assets\Templates\basic_test_player.json
		Assets\Templates\fps_camera.json = Assets\Templates\fps_camera.json
		Assets\Templates\ground.json = Assets\Templates\ground.json
		Assets\Templates\test_player.json = Assets\Templates\test_player.json
		Assets\Templates\ThirdPersonCamera.json = Assets\Templates\ThirdPersonCamera.json
		Assets\Templates\ThirdPersonPlayer.json = Assets\Templates\ThirdPersonPlayer.json
	EndProjectSection
EndProject
Project("{2150E333-8FDC-42A3-9474-1A3956D46DE8}") = "Levels", "Levels", "{305E7EA8-952A-41B8-9596-4990538D9896}"
	ProjectSection(SolutionItems) = preProject
		Assets\Templates\Levels\test_level.json = Assets\Templates\Levels\test_level.json
	EndProjectSection
EndProject
Project("{8BC9CEB8-8B4A-11D0-8D11-00A0C91BC942}") = "22_HelloTools", "VGP336\22_HelloTools\22_HelloTools.vcxproj", "{4B551A56-D9CE-40C5-A238-2D1984EDA17A}"
EndProject
Project("{8BC9CEB8-8B4A-11D0-8D11-00A0C91BC942}") = "DirectXTKAudio_Desktop_2019_Win8", "External\DirectXTK\Audio\DirectXTKAudio_Desktop_2019_Win8.vcxproj", "{4F150A30-CECB-49D1-8283-6A3F57438CF5}"
EndProject
Project("{8BC9CEB8-8B4A-11D0-8D11-00A0C91BC942}") = "23_HelloGameplayFinal", "VGP336\23_HelloGameplayFinal\23_HelloGameplayFinal.vcxproj", "{255010B7-6A03-4E92-A0AC-47A6DF079107}"
EndProject
Global
	GlobalSection(SolutionConfigurationPlatforms) = preSolution
		Debug|x64 = Debug|x64
		Debug|x86 = Debug|x86
		Release|x64 = Release|x64
		Release|x86 = Release|x86
	EndGlobalSection
	GlobalSection(ProjectConfigurationPlatforms) = postSolution
		{36FEAEC8-F626-4F2E-9FD4-A63E11F66864}.Debug|x64.ActiveCfg = Debug|x64
		{36FEAEC8-F626-4F2E-9FD4-A63E11F66864}.Debug|x64.Build.0 = Debug|x64
		{36FEAEC8-F626-4F2E-9FD4-A63E11F66864}.Debug|x86.ActiveCfg = Debug|Win32
		{36FEAEC8-F626-4F2E-9FD4-A63E11F66864}.Debug|x86.Build.0 = Debug|Win32
		{36FEAEC8-F626-4F2E-9FD4-A63E11F66864}.Release|x64.ActiveCfg = Release|x64
		{36FEAEC8-F626-4F2E-9FD4-A63E11F66864}.Release|x64.Build.0 = Release|x64
		{36FEAEC8-F626-4F2E-9FD4-A63E11F66864}.Release|x86.ActiveCfg = Release|Win32
		{36FEAEC8-F626-4F2E-9FD4-A63E11F66864}.Release|x86.Build.0 = Release|Win32
		{B9985B6B-2AF6-41CA-A5FD-4A21689732D5}.Debug|x64.ActiveCfg = Debug|x64
		{B9985B6B-2AF6-41CA-A5FD-4A21689732D5}.Debug|x64.Build.0 = Debug|x64
		{B9985B6B-2AF6-41CA-A5FD-4A21689732D5}.Debug|x86.ActiveCfg = Debug|Win32
		{B9985B6B-2AF6-41CA-A5FD-4A21689732D5}.Debug|x86.Build.0 = Debug|Win32
		{B9985B6B-2AF6-41CA-A5FD-4A21689732D5}.Release|x64.ActiveCfg = Release|x64
		{B9985B6B-2AF6-41CA-A5FD-4A21689732D5}.Release|x64.Build.0 = Release|x64
		{B9985B6B-2AF6-41CA-A5FD-4A21689732D5}.Release|x86.ActiveCfg = Release|Win32
		{B9985B6B-2AF6-41CA-A5FD-4A21689732D5}.Release|x86.Build.0 = Release|Win32
		{870A88D5-7A41-4C05-A6B4-EABACBB5EAF8}.Debug|x64.ActiveCfg = Debug|x64
		{870A88D5-7A41-4C05-A6B4-EABACBB5EAF8}.Debug|x64.Build.0 = Debug|x64
		{870A88D5-7A41-4C05-A6B4-EABACBB5EAF8}.Debug|x86.ActiveCfg = Debug|Win32
		{870A88D5-7A41-4C05-A6B4-EABACBB5EAF8}.Debug|x86.Build.0 = Debug|Win32
		{870A88D5-7A41-4C05-A6B4-EABACBB5EAF8}.Release|x64.ActiveCfg = Release|x64
		{870A88D5-7A41-4C05-A6B4-EABACBB5EAF8}.Release|x64.Build.0 = Release|x64
		{870A88D5-7A41-4C05-A6B4-EABACBB5EAF8}.Release|x86.ActiveCfg = Release|Win32
		{870A88D5-7A41-4C05-A6B4-EABACBB5EAF8}.Release|x86.Build.0 = Release|Win32
		{F6E550B2-D0CD-4470-8B1C-E6E8C0B57204}.Debug|x64.ActiveCfg = Debug|x64
		{F6E550B2-D0CD-4470-8B1C-E6E8C0B57204}.Debug|x64.Build.0 = Debug|x64
		{F6E550B2-D0CD-4470-8B1C-E6E8C0B57204}.Debug|x86.ActiveCfg = Debug|Win32
		{F6E550B2-D0CD-4470-8B1C-E6E8C0B57204}.Debug|x86.Build.0 = Debug|Win32
		{F6E550B2-D0CD-4470-8B1C-E6E8C0B57204}.Release|x64.ActiveCfg = Release|x64
		{F6E550B2-D0CD-4470-8B1C-E6E8C0B57204}.Release|x64.Build.0 = Release|x64
		{F6E550B2-D0CD-4470-8B1C-E6E8C0B57204}.Release|x86.ActiveCfg = Release|Win32
		{F6E550B2-D0CD-4470-8B1C-E6E8C0B57204}.Release|x86.Build.0 = Release|Win32
		{8B6C1062-3AFB-46F5-8AFB-F155BADE6820}.Debug|x64.ActiveCfg = Debug|x64
		{8B6C1062-3AFB-46F5-8AFB-F155BADE6820}.Debug|x64.Build.0 = Debug|x64
		{8B6C1062-3AFB-46F5-8AFB-F155BADE6820}.Debug|x86.ActiveCfg = Debug|Win32
		{8B6C1062-3AFB-46F5-8AFB-F155BADE6820}.Debug|x86.Build.0 = Debug|Win32
		{8B6C1062-3AFB-46F5-8AFB-F155BADE6820}.Release|x64.ActiveCfg = Release|x64
		{8B6C1062-3AFB-46F5-8AFB-F155BADE6820}.Release|x64.Build.0 = Release|x64
		{8B6C1062-3AFB-46F5-8AFB-F155BADE6820}.Release|x86.ActiveCfg = Release|Win32
		{8B6C1062-3AFB-46F5-8AFB-F155BADE6820}.Release|x86.Build.0 = Release|Win32
		{B136791A-1820-4E8C-9F93-9269A927770A}.Debug|x64.ActiveCfg = Debug|x64
		{B136791A-1820-4E8C-9F93-9269A927770A}.Debug|x64.Build.0 = Debug|x64
		{B136791A-1820-4E8C-9F93-9269A927770A}.Debug|x86.ActiveCfg = Debug|Win32
		{B136791A-1820-4E8C-9F93-9269A927770A}.Debug|x86.Build.0 = Debug|Win32
		{B136791A-1820-4E8C-9F93-9269A927770A}.Release|x64.ActiveCfg = Release|x64
		{B136791A-1820-4E8C-9F93-9269A927770A}.Release|x64.Build.0 = Release|x64
		{B136791A-1820-4E8C-9F93-9269A927770A}.Release|x86.ActiveCfg = Release|Win32
		{B136791A-1820-4E8C-9F93-9269A927770A}.Release|x86.Build.0 = Release|Win32
		{86738FAE-572F-45D1-B15E-CA7DD2ECF265}.Debug|x64.ActiveCfg = Debug|x64
		{86738FAE-572F-45D1-B15E-CA7DD2ECF265}.Debug|x64.Build.0 = Debug|x64
		{86738FAE-572F-45D1-B15E-CA7DD2ECF265}.Debug|x86.ActiveCfg = Debug|Win32
		{86738FAE-572F-45D1-B15E-CA7DD2ECF265}.Debug|x86.Build.0 = Debug|Win32
		{86738FAE-572F-45D1-B15E-CA7DD2ECF265}.Release|x64.ActiveCfg = Release|x64
		{86738FAE-572F-45D1-B15E-CA7DD2ECF265}.Release|x64.Build.0 = Release|x64
		{86738FAE-572F-45D1-B15E-CA7DD2ECF265}.Release|x86.ActiveCfg = Release|Win32
		{86738FAE-572F-45D1-B15E-CA7DD2ECF265}.Release|x86.Build.0 = Release|Win32
		{41E7A47C-C5BB-4D89-A4D8-74ADF102123F}.Debug|x64.ActiveCfg = Debug|x64
		{41E7A47C-C5BB-4D89-A4D8-74ADF102123F}.Debug|x64.Build.0 = Debug|x64
		{41E7A47C-C5BB-4D89-A4D8-74ADF102123F}.Debug|x86.ActiveCfg = Debug|Win32
		{41E7A47C-C5BB-4D89-A4D8-74ADF102123F}.Debug|x86.Build.0 = Debug|Win32
		{41E7A47C-C5BB-4D89-A4D8-74ADF102123F}.Release|x64.ActiveCfg = Release|x64
		{41E7A47C-C5BB-4D89-A4D8-74ADF102123F}.Release|x64.Build.0 = Release|x64
		{41E7A47C-C5BB-4D89-A4D8-74ADF102123F}.Release|x86.ActiveCfg = Release|Win32
		{41E7A47C-C5BB-4D89-A4D8-74ADF102123F}.Release|x86.Build.0 = Release|Win32
		{3629F01A-6FED-42EB-B308-E9F7F1346EAF}.Debug|x64.ActiveCfg = Debug|x64
		{3629F01A-6FED-42EB-B308-E9F7F1346EAF}.Debug|x64.Build.0 = Debug|x64
		{3629F01A-6FED-42EB-B308-E9F7F1346EAF}.Debug|x86.ActiveCfg = Debug|Win32
		{3629F01A-6FED-42EB-B308-E9F7F1346EAF}.Debug|x86.Build.0 = Debug|Win32
		{3629F01A-6FED-42EB-B308-E9F7F1346EAF}.Release|x64.ActiveCfg = Release|x64
		{3629F01A-6FED-42EB-B308-E9F7F1346EAF}.Release|x64.Build.0 = Release|x64
		{3629F01A-6FED-42EB-B308-E9F7F1346EAF}.Release|x86.ActiveCfg = Release|Win32
		{3629F01A-6FED-42EB-B308-E9F7F1346EAF}.Release|x86.Build.0 = Release|Win32
		{E0B52AE7-E160-4D32-BF3F-910B785E5A8E}.Debug|x64.ActiveCfg = Debug|x64
		{E0B52AE7-E160-4D32-BF3F-910B785E5A8E}.Debug|x64.Build.0 = Debug|x64
		{E0B52AE7-E160-4D32-BF3F-910B785E5A8E}.Debug|x86.ActiveCfg = Debug|Win32
		{E0B52AE7-E160-4D32-BF3F-910B785E5A8E}.Debug|x86.Build.0 = Debug|Win32
		{E0B52AE7-E160-4D32-BF3F-910B785E5A8E}.Release|x64.ActiveCfg = Release|x64
		{E0B52AE7-E160-4D32-BF3F-910B785E5A8E}.Release|x64.Build.0 = Release|x64
		{E0B52AE7-E160-4D32-BF3F-910B785E5A8E}.Release|x86.ActiveCfg = Release|Win32
		{E0B52AE7-E160-4D32-BF3F-910B785E5A8E}.Release|x86.Build.0 = Release|Win32
		{961655C4-B6BE-4997-B42C-9BC93B81605B}.Debug|x64.ActiveCfg = Debug|x64
		{961655C4-B6BE-4997-B42C-9BC93B81605B}.Debug|x64.Build.0 = Debug|x64
		{961655C4-B6BE-4997-B42C-9BC93B81605B}.Debug|x86.ActiveCfg = Debug|Win32
		{961655C4-B6BE-4997-B42C-9BC93B81605B}.Debug|x86.Build.0 = Debug|Win32
		{961655C4-B6BE-4997-B42C-9BC93B81605B}.Release|x64.ActiveCfg = Release|x64
		{961655C4-B6BE-4997-B42C-9BC93B81605B}.Release|x64.Build.0 = Release|x64
		{961655C4-B6BE-4997-B42C-9BC93B81605B}.Release|x86.ActiveCfg = Release|Win32
		{961655C4-B6BE-4997-B42C-9BC93B81605B}.Release|x86.Build.0 = Release|Win32
		{BDAA8FC6-3893-4EA5-9FC7-2565AB63B490}.Debug|x64.ActiveCfg = Debug|x64
		{BDAA8FC6-3893-4EA5-9FC7-2565AB63B490}.Debug|x64.Build.0 = Debug|x64
		{BDAA8FC6-3893-4EA5-9FC7-2565AB63B490}.Debug|x86.ActiveCfg = Debug|Win32
		{BDAA8FC6-3893-4EA5-9FC7-2565AB63B490}.Debug|x86.Build.0 = Debug|Win32
		{BDAA8FC6-3893-4EA5-9FC7-2565AB63B490}.Release|x64.ActiveCfg = Release|x64
		{BDAA8FC6-3893-4EA5-9FC7-2565AB63B490}.Release|x64.Build.0 = Release|x64
		{BDAA8FC6-3893-4EA5-9FC7-2565AB63B490}.Release|x86.ActiveCfg = Release|Win32
		{BDAA8FC6-3893-4EA5-9FC7-2565AB63B490}.Release|x86.Build.0 = Release|Win32
		{CDDBBB05-0931-48D6-87DF-74F758B32B53}.Debug|x64.ActiveCfg = Debug|x64
		{CDDBBB05-0931-48D6-87DF-74F758B32B53}.Debug|x64.Build.0 = Debug|x64
		{CDDBBB05-0931-48D6-87DF-74F758B32B53}.Debug|x86.ActiveCfg = Debug|Win32
		{CDDBBB05-0931-48D6-87DF-74F758B32B53}.Debug|x86.Build.0 = Debug|Win32
		{CDDBBB05-0931-48D6-87DF-74F758B32B53}.Release|x64.ActiveCfg = Release|x64
		{CDDBBB05-0931-48D6-87DF-74F758B32B53}.Release|x64.Build.0 = Release|x64
		{CDDBBB05-0931-48D6-87DF-74F758B32B53}.Release|x86.ActiveCfg = Release|Win32
		{CDDBBB05-0931-48D6-87DF-74F758B32B53}.Release|x86.Build.0 = Release|Win32
		{B1DDFDF2-024F-4ABF-AB9C-B016184CB3A2}.Debug|x64.ActiveCfg = Debug|x64
		{B1DDFDF2-024F-4ABF-AB9C-B016184CB3A2}.Debug|x64.Build.0 = Debug|x64
		{B1DDFDF2-024F-4ABF-AB9C-B016184CB3A2}.Debug|x86.ActiveCfg = Debug|Win32
		{B1DDFDF2-024F-4ABF-AB9C-B016184CB3A2}.Debug|x86.Build.0 = Debug|Win32
		{B1DDFDF2-024F-4ABF-AB9C-B016184CB3A2}.Release|x64.ActiveCfg = Release|x64
		{B1DDFDF2-024F-4ABF-AB9C-B016184CB3A2}.Release|x64.Build.0 = Release|x64
		{B1DDFDF2-024F-4ABF-AB9C-B016184CB3A2}.Release|x86.ActiveCfg = Release|Win32
		{B1DDFDF2-024F-4ABF-AB9C-B016184CB3A2}.Release|x86.Build.0 = Release|Win32
		{24631CC0-6B4B-439F-8545-04A28CFE3EBA}.Debug|x64.ActiveCfg = Debug|x64
		{24631CC0-6B4B-439F-8545-04A28CFE3EBA}.Debug|x64.Build.0 = Debug|x64
		{24631CC0-6B4B-439F-8545-04A28CFE3EBA}.Debug|x86.ActiveCfg = Debug|Win32
		{24631CC0-6B4B-439F-8545-04A28CFE3EBA}.Debug|x86.Build.0 = Debug|Win32
		{24631CC0-6B4B-439F-8545-04A28CFE3EBA}.Release|x64.ActiveCfg = Release|x64
		{24631CC0-6B4B-439F-8545-04A28CFE3EBA}.Release|x64.Build.0 = Release|x64
		{24631CC0-6B4B-439F-8545-04A28CFE3EBA}.Release|x86.ActiveCfg = Release|Win32
		{24631CC0-6B4B-439F-8545-04A28CFE3EBA}.Release|x86.Build.0 = Release|Win32
		{F182901E-9F26-4369-B31B-7D1AE87731EB}.Debug|x64.ActiveCfg = Debug|x64
		{F182901E-9F26-4369-B31B-7D1AE87731EB}.Debug|x64.Build.0 = Debug|x64
		{F182901E-9F26-4369-B31B-7D1AE87731EB}.Debug|x86.ActiveCfg = Debug|Win32
		{F182901E-9F26-4369-B31B-7D1AE87731EB}.Debug|x86.Build.0 = Debug|Win32
		{F182901E-9F26-4369-B31B-7D1AE87731EB}.Release|x64.ActiveCfg = Release|x64
		{F182901E-9F26-4369-B31B-7D1AE87731EB}.Release|x64.Build.0 = Release|x64
		{F182901E-9F26-4369-B31B-7D1AE87731EB}.Release|x86.ActiveCfg = Release|Win32
		{F182901E-9F26-4369-B31B-7D1AE87731EB}.Release|x86.Build.0 = Release|Win32
		{0EB7D4B0-D936-4D23-AAAF-9C60D8BEDD71}.Debug|x64.ActiveCfg = Debug|x64
		{0EB7D4B0-D936-4D23-AAAF-9C60D8BEDD71}.Debug|x64.Build.0 = Debug|x64
		{0EB7D4B0-D936-4D23-AAAF-9C60D8BEDD71}.Debug|x86.ActiveCfg = Debug|Win32
		{0EB7D4B0-D936-4D23-AAAF-9C60D8BEDD71}.Debug|x86.Build.0 = Debug|Win32
		{0EB7D4B0-D936-4D23-AAAF-9C60D8BEDD71}.Release|x64.ActiveCfg = Release|x64
		{0EB7D4B0-D936-4D23-AAAF-9C60D8BEDD71}.Release|x64.Build.0 = Release|x64
		{0EB7D4B0-D936-4D23-AAAF-9C60D8BEDD71}.Release|x86.ActiveCfg = Release|Win32
		{0EB7D4B0-D936-4D23-AAAF-9C60D8BEDD71}.Release|x86.Build.0 = Release|Win32
		{436573C8-EA93-4ACE-ADB8-6AAEAD9F5E15}.Debug|x64.ActiveCfg = Debug|x64
		{436573C8-EA93-4ACE-ADB8-6AAEAD9F5E15}.Debug|x64.Build.0 = Debug|x64
		{436573C8-EA93-4ACE-ADB8-6AAEAD9F5E15}.Debug|x86.ActiveCfg = Debug|Win32
		{436573C8-EA93-4ACE-ADB8-6AAEAD9F5E15}.Debug|x86.Build.0 = Debug|Win32
		{436573C8-EA93-4ACE-ADB8-6AAEAD9F5E15}.Release|x64.ActiveCfg = Release|x64
		{436573C8-EA93-4ACE-ADB8-6AAEAD9F5E15}.Release|x64.Build.0 = Release|x64
		{436573C8-EA93-4ACE-ADB8-6AAEAD9F5E15}.Release|x86.ActiveCfg = Release|Win32
		{436573C8-EA93-4ACE-ADB8-6AAEAD9F5E15}.Release|x86.Build.0 = Release|Win32
		{850C5A5A-06B3-421E-BFEF-328FF158B041}.Debug|x64.ActiveCfg = Debug|x64
		{850C5A5A-06B3-421E-BFEF-328FF158B041}.Debug|x64.Build.0 = Debug|x64
		{850C5A5A-06B3-421E-BFEF-328FF158B041}.Debug|x86.ActiveCfg = Debug|Win32
		{850C5A5A-06B3-421E-BFEF-328FF158B041}.Debug|x86.Build.0 = Debug|Win32
		{850C5A5A-06B3-421E-BFEF-328FF158B041}.Release|x64.ActiveCfg = Release|x64
		{850C5A5A-06B3-421E-BFEF-328FF158B041}.Release|x64.Build.0 = Release|x64
		{850C5A5A-06B3-421E-BFEF-328FF158B041}.Release|x86.ActiveCfg = Release|Win32
		{850C5A5A-06B3-421E-BFEF-328FF158B041}.Release|x86.Build.0 = Release|Win32
		{0F1A8EB8-120E-4AA3-B0C1-6E9BAC2163B1}.Debug|x64.ActiveCfg = Debug|x64
		{0F1A8EB8-120E-4AA3-B0C1-6E9BAC2163B1}.Debug|x64.Build.0 = Debug|x64
		{0F1A8EB8-120E-4AA3-B0C1-6E9BAC2163B1}.Debug|x86.ActiveCfg = Debug|Win32
		{0F1A8EB8-120E-4AA3-B0C1-6E9BAC2163B1}.Debug|x86.Build.0 = Debug|Win32
		{0F1A8EB8-120E-4AA3-B0C1-6E9BAC2163B1}.Release|x64.ActiveCfg = Release|x64
		{0F1A8EB8-120E-4AA3-B0C1-6E9BAC2163B1}.Release|x64.Build.0 = Release|x64
		{0F1A8EB8-120E-4AA3-B0C1-6E9BAC2163B1}.Release|x86.ActiveCfg = Release|Win32
		{0F1A8EB8-120E-4AA3-B0C1-6E9BAC2163B1}.Release|x86.Build.0 = Release|Win32
		{7FC7E1B3-9453-4EDC-889F-6ADD2B13C655}.Debug|x64.ActiveCfg = Debug|x64
		{7FC7E1B3-9453-4EDC-889F-6ADD2B13C655}.Debug|x64.Build.0 = Debug|x64
		{7FC7E1B3-9453-4EDC-889F-6ADD2B13C655}.Debug|x86.ActiveCfg = Debug|Win32
		{7FC7E1B3-9453-4EDC-889F-6ADD2B13C655}.Debug|x86.Build.0 = Debug|Win32
		{7FC7E1B3-9453-4EDC-889F-6ADD2B13C655}.Release|x64.ActiveCfg = Release|x64
		{7FC7E1B3-9453-4EDC-889F-6ADD2B13C655}.Release|x64.Build.0 = Release|x64
		{7FC7E1B3-9453-4EDC-889F-6ADD2B13C655}.Release|x86.ActiveCfg = Release|Win32
		{7FC7E1B3-9453-4EDC-889F-6ADD2B13C655}.Release|x86.Build.0 = Release|Win32
		{7969EB11-1F7C-47C7-BE30-747221443BAC}.Debug|x64.ActiveCfg = Debug|x64
		{7969EB11-1F7C-47C7-BE30-747221443BAC}.Debug|x64.Build.0 = Debug|x64
		{7969EB11-1F7C-47C7-BE30-747221443BAC}.Debug|x86.ActiveCfg = Debug|Win32
		{7969EB11-1F7C-47C7-BE30-747221443BAC}.Debug|x86.Build.0 = Debug|Win32
		{7969EB11-1F7C-47C7-BE30-747221443BAC}.Release|x64.ActiveCfg = Release|x64
		{7969EB11-1F7C-47C7-BE30-747221443BAC}.Release|x64.Build.0 = Release|x64
		{7969EB11-1F7C-47C7-BE30-747221443BAC}.Release|x86.ActiveCfg = Release|Win32
		{7969EB11-1F7C-47C7-BE30-747221443BAC}.Release|x86.Build.0 = Release|Win32
		{14258826-29C1-40C5-B095-DDD32E760016}.Debug|x64.ActiveCfg = Debug|x64
		{14258826-29C1-40C5-B095-DDD32E760016}.Debug|x64.Build.0 = Debug|x64
		{14258826-29C1-40C5-B095-DDD32E760016}.Debug|x86.ActiveCfg = Debug|Win32
		{14258826-29C1-40C5-B095-DDD32E760016}.Debug|x86.Build.0 = Debug|Win32
		{14258826-29C1-40C5-B095-DDD32E760016}.Release|x64.ActiveCfg = Release|x64
		{14258826-29C1-40C5-B095-DDD32E760016}.Release|x64.Build.0 = Release|x64
		{14258826-29C1-40C5-B095-DDD32E760016}.Release|x86.ActiveCfg = Release|Win32
		{14258826-29C1-40C5-B095-DDD32E760016}.Release|x86.Build.0 = Release|Win32
		{E27A6D81-E713-4AEC-B5C0-02D3C1CCC5BE}.Debug|x64.ActiveCfg = Debug|x64
		{E27A6D81-E713-4AEC-B5C0-02D3C1CCC5BE}.Debug|x64.Build.0 = Debug|x64
		{E27A6D81-E713-4AEC-B5C0-02D3C1CCC5BE}.Debug|x86.ActiveCfg = Debug|Win32
		{E27A6D81-E713-4AEC-B5C0-02D3C1CCC5BE}.Debug|x86.Build.0 = Debug|Win32
		{E27A6D81-E713-4AEC-B5C0-02D3C1CCC5BE}.Release|x64.ActiveCfg = Release|x64
		{E27A6D81-E713-4AEC-B5C0-02D3C1CCC5BE}.Release|x64.Build.0 = Release|x64
		{E27A6D81-E713-4AEC-B5C0-02D3C1CCC5BE}.Release|x86.ActiveCfg = Release|Win32
		{E27A6D81-E713-4AEC-B5C0-02D3C1CCC5BE}.Release|x86.Build.0 = Release|Win32
		{93F957FE-9F59-440C-9044-F7C2A70548B5}.Debug|x64.ActiveCfg = Debug|x64
		{93F957FE-9F59-440C-9044-F7C2A70548B5}.Debug|x64.Build.0 = Debug|x64
		{93F957FE-9F59-440C-9044-F7C2A70548B5}.Debug|x86.ActiveCfg = Debug|Win32
		{93F957FE-9F59-440C-9044-F7C2A70548B5}.Debug|x86.Build.0 = Debug|Win32
		{93F957FE-9F59-440C-9044-F7C2A70548B5}.Release|x64.ActiveCfg = Release|x64
		{93F957FE-9F59-440C-9044-F7C2A70548B5}.Release|x64.Build.0 = Release|x64
		{93F957FE-9F59-440C-9044-F7C2A70548B5}.Release|x86.ActiveCfg = Release|Win32
		{93F957FE-9F59-440C-9044-F7C2A70548B5}.Release|x86.Build.0 = Release|Win32
		{5B41105C-7C65-4E44-800F-F0319B9DD238}.Debug|x64.ActiveCfg = Debug|x64
		{5B41105C-7C65-4E44-800F-F0319B9DD238}.Debug|x64.Build.0 = Debug|x64
		{5B41105C-7C65-4E44-800F-F0319B9DD238}.Debug|x86.ActiveCfg = Debug|Win32
		{5B41105C-7C65-4E44-800F-F0319B9DD238}.Debug|x86.Build.0 = Debug|Win32
		{5B41105C-7C65-4E44-800F-F0319B9DD238}.Release|x64.ActiveCfg = Release|x64
		{5B41105C-7C65-4E44-800F-F0319B9DD238}.Release|x64.Build.0 = Release|x64
		{5B41105C-7C65-4E44-800F-F0319B9DD238}.Release|x86.ActiveCfg = Release|Win32
		{5B41105C-7C65-4E44-800F-F0319B9DD238}.Release|x86.Build.0 = Release|Win32
		{516192EB-788A-4FE7-B2B7-2EF9AC036B12}.Debug|x64.ActiveCfg = Debug|x64
		{516192EB-788A-4FE7-B2B7-2EF9AC036B12}.Debug|x64.Build.0 = Debug|x64
		{516192EB-788A-4FE7-B2B7-2EF9AC036B12}.Debug|x86.ActiveCfg = Debug|Win32
		{516192EB-788A-4FE7-B2B7-2EF9AC036B12}.Debug|x86.Build.0 = Debug|Win32
		{516192EB-788A-4FE7-B2B7-2EF9AC036B12}.Release|x64.ActiveCfg = Release|x64
		{516192EB-788A-4FE7-B2B7-2EF9AC036B12}.Release|x64.Build.0 = Release|x64
		{516192EB-788A-4FE7-B2B7-2EF9AC036B12}.Release|x86.ActiveCfg = Release|Win32
		{516192EB-788A-4FE7-B2B7-2EF9AC036B12}.Release|x86.Build.0 = Release|Win32
		{86BDA844-8D73-47B1-9030-C9D3FB37B5EA}.Debug|x64.ActiveCfg = Debug|x64
		{86BDA844-8D73-47B1-9030-C9D3FB37B5EA}.Debug|x64.Build.0 = Debug|x64
		{86BDA844-8D73-47B1-9030-C9D3FB37B5EA}.Debug|x86.ActiveCfg = Debug|Win32
		{86BDA844-8D73-47B1-9030-C9D3FB37B5EA}.Debug|x86.Build.0 = Debug|Win32
		{86BDA844-8D73-47B1-9030-C9D3FB37B5EA}.Release|x64.ActiveCfg = Release|x64
		{86BDA844-8D73-47B1-9030-C9D3FB37B5EA}.Release|x64.Build.0 = Release|x64
		{86BDA844-8D73-47B1-9030-C9D3FB37B5EA}.Release|x86.ActiveCfg = Release|Win32
		{86BDA844-8D73-47B1-9030-C9D3FB37B5EA}.Release|x86.Build.0 = Release|Win32
		{FDDDEED6-12F0-4040-88DB-9A5027D83048}.Debug|x64.ActiveCfg = Debug|x64
		{FDDDEED6-12F0-4040-88DB-9A5027D83048}.Debug|x64.Build.0 = Debug|x64
		{FDDDEED6-12F0-4040-88DB-9A5027D83048}.Debug|x86.ActiveCfg = Debug|Win32
		{FDDDEED6-12F0-4040-88DB-9A5027D83048}.Debug|x86.Build.0 = Debug|Win32
		{FDDDEED6-12F0-4040-88DB-9A5027D83048}.Release|x64.ActiveCfg = Release|x64
		{FDDDEED6-12F0-4040-88DB-9A5027D83048}.Release|x64.Build.0 = Release|x64
		{FDDDEED6-12F0-4040-88DB-9A5027D83048}.Release|x86.ActiveCfg = Release|Win32
		{FDDDEED6-12F0-4040-88DB-9A5027D83048}.Release|x86.Build.0 = Release|Win32
		{26C2DC09-5ECE-4485-A5BD-7E507A438BA6}.Debug|x64.ActiveCfg = Debug|x64
		{26C2DC09-5ECE-4485-A5BD-7E507A438BA6}.Debug|x64.Build.0 = Debug|x64
		{26C2DC09-5ECE-4485-A5BD-7E507A438BA6}.Debug|x86.ActiveCfg = Debug|Win32
		{26C2DC09-5ECE-4485-A5BD-7E507A438BA6}.Debug|x86.Build.0 = Debug|Win32
		{26C2DC09-5ECE-4485-A5BD-7E507A438BA6}.Release|x64.ActiveCfg = Release|x64
		{26C2DC09-5ECE-4485-A5BD-7E507A438BA6}.Release|x64.Build.0 = Release|x64
		{26C2DC09-5ECE-4485-A5BD-7E507A438BA6}.Release|x86.ActiveCfg = Release|Win32
		{26C2DC09-5ECE-4485-A5BD-7E507A438BA6}.Release|x86.Build.0 = Release|Win32
		{314437F1-07C3-4EB3-95C1-E50D7506C9CA}.Debug|x64.ActiveCfg = Debug|x64
		{314437F1-07C3-4EB3-95C1-E50D7506C9CA}.Debug|x64.Build.0 = Debug|x64
		{314437F1-07C3-4EB3-95C1-E50D7506C9CA}.Debug|x86.ActiveCfg = Debug|Win32
		{314437F1-07C3-4EB3-95C1-E50D7506C9CA}.Debug|x86.Build.0 = Debug|Win32
		{314437F1-07C3-4EB3-95C1-E50D7506C9CA}.Release|x64.ActiveCfg = Release|x64
		{314437F1-07C3-4EB3-95C1-E50D7506C9CA}.Release|x64.Build.0 = Release|x64
		{314437F1-07C3-4EB3-95C1-E50D7506C9CA}.Release|x86.ActiveCfg = Release|Win32
		{314437F1-07C3-4EB3-95C1-E50D7506C9CA}.Release|x86.Build.0 = Release|Win32
		{B7ADEA7B-2FA8-4B7A-9D51-D5ABDCCFAD5C}.Debug|x64.ActiveCfg = Debug|x64
		{B7ADEA7B-2FA8-4B7A-9D51-D5ABDCCFAD5C}.Debug|x64.Build.0 = Debug|x64
		{B7ADEA7B-2FA8-4B7A-9D51-D5ABDCCFAD5C}.Debug|x86.ActiveCfg = Debug|Win32
		{B7ADEA7B-2FA8-4B7A-9D51-D5ABDCCFAD5C}.Debug|x86.Build.0 = Debug|Win32
		{B7ADEA7B-2FA8-4B7A-9D51-D5ABDCCFAD5C}.Release|x64.ActiveCfg = Release|x64
		{B7ADEA7B-2FA8-4B7A-9D51-D5ABDCCFAD5C}.Release|x64.Build.0 = Release|x64
		{B7ADEA7B-2FA8-4B7A-9D51-D5ABDCCFAD5C}.Release|x86.ActiveCfg = Release|Win32
		{B7ADEA7B-2FA8-4B7A-9D51-D5ABDCCFAD5C}.Release|x86.Build.0 = Release|Win32
		{4B551A56-D9CE-40C5-A238-2D1984EDA17A}.Debug|x64.ActiveCfg = Debug|x64
		{4B551A56-D9CE-40C5-A238-2D1984EDA17A}.Debug|x64.Build.0 = Debug|x64
		{4B551A56-D9CE-40C5-A238-2D1984EDA17A}.Debug|x86.ActiveCfg = Debug|Win32
		{4B551A56-D9CE-40C5-A238-2D1984EDA17A}.Debug|x86.Build.0 = Debug|Win32
		{4B551A56-D9CE-40C5-A238-2D1984EDA17A}.Release|x64.ActiveCfg = Release|x64
		{4B551A56-D9CE-40C5-A238-2D1984EDA17A}.Release|x64.Build.0 = Release|x64
		{4B551A56-D9CE-40C5-A238-2D1984EDA17A}.Release|x86.ActiveCfg = Release|Win32
		{4B551A56-D9CE-40C5-A238-2D1984EDA17A}.Release|x86.Build.0 = Release|Win32
		{4F150A30-CECB-49D1-8283-6A3F57438CF5}.Debug|x64.ActiveCfg = Debug|x64
		{4F150A30-CECB-49D1-8283-6A3F57438CF5}.Debug|x64.Build.0 = Debug|x64
		{4F150A30-CECB-49D1-8283-6A3F57438CF5}.Debug|x86.ActiveCfg = Debug|Win32
		{4F150A30-CECB-49D1-8283-6A3F57438CF5}.Debug|x86.Build.0 = Debug|Win32
		{4F150A30-CECB-49D1-8283-6A3F57438CF5}.Release|x64.ActiveCfg = Release|x64
		{4F150A30-CECB-49D1-8283-6A3F57438CF5}.Release|x64.Build.0 = Release|x64
		{4F150A30-CECB-49D1-8283-6A3F57438CF5}.Release|x86.ActiveCfg = Release|Win32
		{4F150A30-CECB-49D1-8283-6A3F57438CF5}.Release|x86.Build.0 = Release|Win32
		{255010B7-6A03-4E92-A0AC-47A6DF079107}.Debug|x64.ActiveCfg = Debug|x64
		{255010B7-6A03-4E92-A0AC-47A6DF079107}.Debug|x64.Build.0 = Debug|x64
		{255010B7-6A03-4E92-A0AC-47A6DF079107}.Debug|x86.ActiveCfg = Debug|Win32
		{255010B7-6A03-4E92-A0AC-47A6DF079107}.Debug|x86.Build.0 = Debug|Win32
		{255010B7-6A03-4E92-A0AC-47A6DF079107}.Release|x64.ActiveCfg = Release|x64
		{255010B7-6A03-4E92-A0AC-47A6DF079107}.Release|x64.Build.0 = Release|x64
		{255010B7-6A03-4E92-A0AC-47A6DF079107}.Release|x86.ActiveCfg = Release|Win32
		{255010B7-6A03-4E92-A0AC-47A6DF079107}.Release|x86.Build.0 = Release|Win32
	EndGlobalSection
	GlobalSection(SolutionProperties) = preSolution
		HideSolutionNode = FALSE
	EndGlobalSection
	GlobalSection(NestedProjects) = preSolution
		{36FEAEC8-F626-4F2E-9FD4-A63E11F66864} = {5D04F286-EFBA-4509-9403-35A21E297CEE}
		{B9985B6B-2AF6-41CA-A5FD-4A21689732D5} = {C06F8AB8-1634-49FD-A693-72E53CFF35D7}
		{870A88D5-7A41-4C05-A6B4-EABACBB5EAF8} = {5D04F286-EFBA-4509-9403-35A21E297CEE}
		{F6E550B2-D0CD-4470-8B1C-E6E8C0B57204} = {1418A44C-1B35-4B35-9F96-81BC175D03DF}
		{8B6C1062-3AFB-46F5-8AFB-F155BADE6820} = {C06F8AB8-1634-49FD-A693-72E53CFF35D7}
		{B136791A-1820-4E8C-9F93-9269A927770A} = {3B4D330C-881A-45D1-9A69-1AF06CF5F6B8}
		{86738FAE-572F-45D1-B15E-CA7DD2ECF265} = {5D04F286-EFBA-4509-9403-35A21E297CEE}
		{41E7A47C-C5BB-4D89-A4D8-74ADF102123F} = {C06F8AB8-1634-49FD-A693-72E53CFF35D7}
		{3629F01A-6FED-42EB-B308-E9F7F1346EAF} = {5D04F286-EFBA-4509-9403-35A21E297CEE}
		{E0B52AE7-E160-4D32-BF3F-910B785E5A8E} = {A6468417-EB06-4004-9C62-2D2478120206}
		{961655C4-B6BE-4997-B42C-9BC93B81605B} = {C06F8AB8-1634-49FD-A693-72E53CFF35D7}
		{BDAA8FC6-3893-4EA5-9FC7-2565AB63B490} = {C06F8AB8-1634-49FD-A693-72E53CFF35D7}
		{CDDBBB05-0931-48D6-87DF-74F758B32B53} = {C06F8AB8-1634-49FD-A693-72E53CFF35D7}
		{B1DDFDF2-024F-4ABF-AB9C-B016184CB3A2} = {C06F8AB8-1634-49FD-A693-72E53CFF35D7}
		{24631CC0-6B4B-439F-8545-04A28CFE3EBA} = {2438DA67-ED7C-4D50-9109-5CEDA2A2A839}
		{F182901E-9F26-4369-B31B-7D1AE87731EB} = {A6468417-EB06-4004-9C62-2D2478120206}
		{0EB7D4B0-D936-4D23-AAAF-9C60D8BEDD71} = {2438DA67-ED7C-4D50-9109-5CEDA2A2A839}
		{4C04E4F1-A467-4ADA-ABCB-F265A84D9CDD} = {5DD3764B-47AF-41CF-B5F6-E35982AD4183}
		{2CF867F8-7F38-4193-9C57-2DB2521D6FAC} = {5DD3764B-47AF-41CF-B5F6-E35982AD4183}
		{436573C8-EA93-4ACE-ADB8-6AAEAD9F5E15} = {2438DA67-ED7C-4D50-9109-5CEDA2A2A839}
		{850C5A5A-06B3-421E-BFEF-328FF158B041} = {6D21D5F5-6360-473F-9D8C-6AA05948022A}
		{2A636A65-10B6-46C2-B213-EDCDE3D96C6B} = {5DD3764B-47AF-41CF-B5F6-E35982AD4183}
		{0F1A8EB8-120E-4AA3-B0C1-6E9BAC2163B1} = {2438DA67-ED7C-4D50-9109-5CEDA2A2A839}
		{7FC7E1B3-9453-4EDC-889F-6ADD2B13C655} = {2438DA67-ED7C-4D50-9109-5CEDA2A2A839}
		{7969EB11-1F7C-47C7-BE30-747221443BAC} = {2438DA67-ED7C-4D50-9109-5CEDA2A2A839}
		{14258826-29C1-40C5-B095-DDD32E760016} = {A750B7E0-AA42-40A0-8CDF-5B7E48856A69}
		{E27A6D81-E713-4AEC-B5C0-02D3C1CCC5BE} = {A750B7E0-AA42-40A0-8CDF-5B7E48856A69}
		{93F957FE-9F59-440C-9044-F7C2A70548B5} = {A750B7E0-AA42-40A0-8CDF-5B7E48856A69}
		{5B41105C-7C65-4E44-800F-F0319B9DD238} = {A750B7E0-AA42-40A0-8CDF-5B7E48856A69}
		{516192EB-788A-4FE7-B2B7-2EF9AC036B12} = {A6468417-EB06-4004-9C62-2D2478120206}
		{86BDA844-8D73-47B1-9030-C9D3FB37B5EA} = {5D04F286-EFBA-4509-9403-35A21E297CEE}
		{FDDDEED6-12F0-4040-88DB-9A5027D83048} = {A750B7E0-AA42-40A0-8CDF-5B7E48856A69}
		{26C2DC09-5ECE-4485-A5BD-7E507A438BA6} = {A750B7E0-AA42-40A0-8CDF-5B7E48856A69}
		{314437F1-07C3-4EB3-95C1-E50D7506C9CA} = {AD69B623-57A5-4AE2-90C8-DAC4A6C19BED}
		{B7ADEA7B-2FA8-4B7A-9D51-D5ABDCCFAD5C} = {AD69B623-57A5-4AE2-90C8-DAC4A6C19BED}
		{7CE9CF0D-F1A6-419C-86D7-4DB0A5BA4D62} = {5DD3764B-47AF-41CF-B5F6-E35982AD4183}
		{305E7EA8-952A-41B8-9596-4990538D9896} = {5DD3764B-47AF-41CF-B5F6-E35982AD4183}
		{4B551A56-D9CE-40C5-A238-2D1984EDA17A} = {AD69B623-57A5-4AE2-90C8-DAC4A6C19BED}
		{4F150A30-CECB-49D1-8283-6A3F57438CF5} = {A6468417-EB06-4004-9C62-2D2478120206}
		{255010B7-6A03-4E92-A0AC-47A6DF079107} = {AD69B623-57A5-4AE2-90C8-DAC4A6C19BED}
	EndGlobalSection
	GlobalSection(ExtensibilityGlobals) = postSolution
		SolutionGuid = {44448D0B-CEB9-4AF1-B741-F1EEE3E9E330}
	EndGlobalSection
	GlobalSection(TeamFoundationVersionControl) = preSolution
		SccNumberOfProjects = 2
		SccEnterpriseProvider = {4CA58AB2-18FA-4F8D-95D4-32DDF27D184C}
		SccTeamFoundationServer = https://dev.azure.com/juanfracocastillo
		SccProjectUniqueName0 = Framework\\Core\\Core.vcxproj
		SccProjectTopLevelParentUniqueName0 = CASTLE_Engine.sln
		SccProjectName0 = Framework/Core
		SccAuxPath0 = https://dev.azure.com/juanfracocastillo
		SccLocalPath0 = Framework\\Core
		SccProvider0 = {4CA58AB2-18FA-4F8D-95D4-32DDF27D184C}
		SccProjectUniqueName1 = External\\Bullet\\Bullet.vcxproj
		SccProjectTopLevelParentUniqueName1 = CASTLE_Engine.sln
		SccProjectName1 = External/Bullet
		SccAuxPath1 = https://dev.azure.com/juanfracocastillo
		SccLocalPath1 = External\\Bullet
		SccProvider1 = {4CA58AB2-18FA-4F8D-95D4-32DDF27D184C}
	EndGlobalSection
EndGlobal
